
Microsoft Visual Studio Solution File, Format Version 12.00
# Visual Studio Version 17
VisualStudioVersion = 17.5.33530.505
MinimumVisualStudioVersion = 10.0.40219.1
Project("{2150E333-8FDC-42A3-9474-1A3956D46DE8}") = "Core", "Core", "{4C33FA39-57D7-4884-B377-3C6A56D5CA5A}"
EndProject
Project("{2150E333-8FDC-42A3-9474-1A3956D46DE8}") = "Domain", "Domain", "{3B63A691-9C59-4132-9FE0-D5F802041474}"
EndProject
Project("{2150E333-8FDC-42A3-9474-1A3956D46DE8}") = "Infra", "Infra", "{6A06EB57-C11B-4B1F-B896-5085DA1B096A}"
EndProject
Project("{2150E333-8FDC-42A3-9474-1A3956D46DE8}") = "Presentation", "Presentation", "{E1651CBC-2E4F-4328-92E5-CAB72A23779F}"
EndProject
Project("{9A19103F-16F7-4668-BE54-9A1E7A4F7556}") = "CrossCutting", "CrossCutting\CrossCutting.csproj", "{E9A2D3A5-2CD6-4AB3-9F57-2D83F5A85A8B}"
EndProject
Project("{9A19103F-16F7-4668-BE54-9A1E7A4F7556}") = "Data", "Data\Data.csproj", "{AA888D0D-91BD-4D22-B3C7-47D79CCA5145}"
EndProject
Project("{9A19103F-16F7-4668-BE54-9A1E7A4F7556}") = "UI", "UI\UI.csproj", "{A6B94EC7-DB9F-4F88-9F73-673CC2B49D3A}"
EndProject
Project("{9A19103F-16F7-4668-BE54-9A1E7A4F7556}") = "Domain", "Domain\Domain.csproj", "{D9871377-F8BF-4822-B899-1305DD10CC65}"
EndProject
Project("{9A19103F-16F7-4668-BE54-9A1E7A4F7556}") = "Application.Kafka", "Application.Kafka\Application.Kafka.csproj", "{8E9B40EE-2977-4636-8463-4F81D89F7DAB}"
EndProject
Project("{9A19103F-16F7-4668-BE54-9A1E7A4F7556}") = "SpendManagement.EventHandler.UnitTests", "..\tests\SpendManagement.EventHandler.UnitTests\SpendManagement.EventHandler.UnitTests.csproj", "{9EECB9A1-CBAA-400C-82CA-259D1BB2912E}"
EndProject
Project("{2150E333-8FDC-42A3-9474-1A3956D46DE8}") = "Tests", "Tests", "{C8440D9E-8259-474D-B223-DF1108CCCC6C}"
EndProject
Project("{FAE04EC0-301F-11D3-BF4B-00C04F79EFBC}") = "SpendManagement.EventHandler.IntegrationTests", "..\tests\SpendManagement.EventHandler.IntegrationTests\SpendManagement.EventHandler.IntegrationTests.csproj", "{10897B1C-C92E-46BA-A502-9CCDC182BEE3}"
EndProject
Global
	GlobalSection(SolutionConfigurationPlatforms) = preSolution
		Debug|Any CPU = Debug|Any CPU
		Release|Any CPU = Release|Any CPU
	EndGlobalSection
	GlobalSection(ProjectConfigurationPlatforms) = postSolution
		{E9A2D3A5-2CD6-4AB3-9F57-2D83F5A85A8B}.Debug|Any CPU.ActiveCfg = Debug|Any CPU
		{E9A2D3A5-2CD6-4AB3-9F57-2D83F5A85A8B}.Debug|Any CPU.Build.0 = Debug|Any CPU
		{E9A2D3A5-2CD6-4AB3-9F57-2D83F5A85A8B}.Release|Any CPU.ActiveCfg = Release|Any CPU
		{E9A2D3A5-2CD6-4AB3-9F57-2D83F5A85A8B}.Release|Any CPU.Build.0 = Release|Any CPU
		{AA888D0D-91BD-4D22-B3C7-47D79CCA5145}.Debug|Any CPU.ActiveCfg = Debug|Any CPU
		{AA888D0D-91BD-4D22-B3C7-47D79CCA5145}.Debug|Any CPU.Build.0 = Debug|Any CPU
		{AA888D0D-91BD-4D22-B3C7-47D79CCA5145}.Release|Any CPU.ActiveCfg = Release|Any CPU
		{AA888D0D-91BD-4D22-B3C7-47D79CCA5145}.Release|Any CPU.Build.0 = Release|Any CPU
		{A6B94EC7-DB9F-4F88-9F73-673CC2B49D3A}.Debug|Any CPU.ActiveCfg = Debug|Any CPU
		{A6B94EC7-DB9F-4F88-9F73-673CC2B49D3A}.Debug|Any CPU.Build.0 = Debug|Any CPU
		{A6B94EC7-DB9F-4F88-9F73-673CC2B49D3A}.Release|Any CPU.ActiveCfg = Release|Any CPU
		{A6B94EC7-DB9F-4F88-9F73-673CC2B49D3A}.Release|Any CPU.Build.0 = Release|Any CPU
		{D9871377-F8BF-4822-B899-1305DD10CC65}.Debug|Any CPU.ActiveCfg = Debug|Any CPU
		{D9871377-F8BF-4822-B899-1305DD10CC65}.Debug|Any CPU.Build.0 = Debug|Any CPU
		{D9871377-F8BF-4822-B899-1305DD10CC65}.Release|Any CPU.ActiveCfg = Release|Any CPU
		{D9871377-F8BF-4822-B899-1305DD10CC65}.Release|Any CPU.Build.0 = Release|Any CPU
		{8E9B40EE-2977-4636-8463-4F81D89F7DAB}.Debug|Any CPU.ActiveCfg = Debug|Any CPU
		{8E9B40EE-2977-4636-8463-4F81D89F7DAB}.Debug|Any CPU.Build.0 = Debug|Any CPU
		{8E9B40EE-2977-4636-8463-4F81D89F7DAB}.Release|Any CPU.ActiveCfg = Release|Any CPU
		{8E9B40EE-2977-4636-8463-4F81D89F7DAB}.Release|Any CPU.Build.0 = Release|Any CPU
		{9EECB9A1-CBAA-400C-82CA-259D1BB2912E}.Debug|Any CPU.ActiveCfg = Debug|Any CPU
		{9EECB9A1-CBAA-400C-82CA-259D1BB2912E}.Debug|Any CPU.Build.0 = Debug|Any CPU
		{9EECB9A1-CBAA-400C-82CA-259D1BB2912E}.Release|Any CPU.ActiveCfg = Release|Any CPU
		{9EECB9A1-CBAA-400C-82CA-259D1BB2912E}.Release|Any CPU.Build.0 = Release|Any CPU
		{10897B1C-C92E-46BA-A502-9CCDC182BEE3}.Debug|Any CPU.ActiveCfg = Debug|Any CPU
		{10897B1C-C92E-46BA-A502-9CCDC182BEE3}.Debug|Any CPU.Build.0 = Debug|Any CPU
		{10897B1C-C92E-46BA-A502-9CCDC182BEE3}.Release|Any CPU.ActiveCfg = Release|Any CPU
		{10897B1C-C92E-46BA-A502-9CCDC182BEE3}.Release|Any CPU.Build.0 = Release|Any CPU
	EndGlobalSection
	GlobalSection(SolutionProperties) = preSolution
		HideSolutionNode = FALSE
	EndGlobalSection
	GlobalSection(NestedProjects) = preSolution
		{E9A2D3A5-2CD6-4AB3-9F57-2D83F5A85A8B} = {6A06EB57-C11B-4B1F-B896-5085DA1B096A}
		{AA888D0D-91BD-4D22-B3C7-47D79CCA5145} = {6A06EB57-C11B-4B1F-B896-5085DA1B096A}
		{A6B94EC7-DB9F-4F88-9F73-673CC2B49D3A} = {E1651CBC-2E4F-4328-92E5-CAB72A23779F}
		{D9871377-F8BF-4822-B899-1305DD10CC65} = {3B63A691-9C59-4132-9FE0-D5F802041474}
		{8E9B40EE-2977-4636-8463-4F81D89F7DAB} = {4C33FA39-57D7-4884-B377-3C6A56D5CA5A}
		{9EECB9A1-CBAA-400C-82CA-259D1BB2912E} = {C8440D9E-8259-474D-B223-DF1108CCCC6C}
		{10897B1C-C92E-46BA-A502-9CCDC182BEE3} = {C8440D9E-8259-474D-B223-DF1108CCCC6C}
	EndGlobalSection
	GlobalSection(ExtensibilityGlobals) = postSolution
		SolutionGuid = {B99B0F09-E28E-4C86-93BF-2622B3293BC3}
	EndGlobalSection
EndGlobal
